
Microsoft Visual Studio Solution File, Format Version 12.00
# Visual Studio 15
Project("{FAE04EC0-301F-11D3-BF4B-00C04F79EFBC}") = "UnityEngine.TestRunner", "UnityEngine.TestRunner.csproj", "{DC508894-8CB2-88E7-93A4-BCF08324DE46}"
EndProject
Project("{FAE04EC0-301F-11D3-BF4B-00C04F79EFBC}") = "UnityEngine.UI", "UnityEngine.UI.csproj", "{06141BE3-1F15-1143-498F-18B996A31D29}"
EndProject
Project("{FAE04EC0-301F-11D3-BF4B-00C04F79EFBC}") = "Unity.TextMeshPro", "Unity.TextMeshPro.csproj", "{35876F24-07F0-E5EE-C3D7-DBD18CE0AF42}"
EndProject
Project("{FAE04EC0-301F-11D3-BF4B-00C04F79EFBC}") = "Unity.Timeline", "Unity.Timeline.csproj", "{1C420850-E54A-F858-6EAF-23F9B07EB2F3}"
EndProject
Project("{FAE04EC0-301F-11D3-BF4B-00C04F79EFBC}") = "Assembly-CSharp", "Assembly-CSharp.csproj", "{986870EB-20A8-6BD3-8F3E-59FA06D54E3D}"
EndProject
Project("{FAE04EC0-301F-11D3-BF4B-00C04F79EFBC}") = "UnityEditor.TestRunner", "UnityEditor.TestRunner.csproj", "{64385BA9-FD47-DB47-6FD6-7EF74AE0C5F2}"
EndProject
Project("{FAE04EC0-301F-11D3-BF4B-00C04F79EFBC}") = "Unity.TextMeshPro.Editor", "Unity.TextMeshPro.Editor.csproj", "{02551550-9899-FD18-862E-D4CC5C8F67AC}"
EndProject
Project("{FAE04EC0-301F-11D3-BF4B-00C04F79EFBC}") = "Unity.Timeline.Editor", "Unity.Timeline.Editor.csproj", "{5A293685-D5F4-0837-205D-5D16B854EF6B}"
EndProject
Project("{FAE04EC0-301F-11D3-BF4B-00C04F79EFBC}") = "UnityEditor.UI", "UnityEditor.UI.csproj", "{C5E927B2-5557-202F-08EA-B5DE24FA9E8D}"
EndProject
Project("{FAE04EC0-301F-11D3-BF4B-00C04F79EFBC}") = "Unity.Rider.Editor", "Unity.Rider.Editor.csproj", "{211B36AF-0637-B047-5EC9-887C9EDF5357}"
EndProject
Project("{FAE04EC0-301F-11D3-BF4B-00C04F79EFBC}") = "Unity.CollabProxy.Editor", "Unity.CollabProxy.Editor.csproj", "{587AF5D9-FF40-3CF4-7696-680C6B184C20}"
EndProject
Project("{FAE04EC0-301F-11D3-BF4B-00C04F79EFBC}") = "Unity.VSCode.Editor", "Unity.VSCode.Editor.csproj", "{02F35D2A-EBA7-ADEE-C7DD-362E3E3EA44D}"
EndProject
Global
	GlobalSection(SolutionConfigurationPlatforms) = preSolution
		Debug|Any CPU = Debug|Any CPU
		Release|Any CPU = Release|Any CPU
	EndGlobalSection
	GlobalSection(ProjectConfigurationPlatforms) = postSolution
		{DC508894-8CB2-88E7-93A4-BCF08324DE46}.Debug|Any CPU.ActiveCfg = Debug|Any CPU
		{DC508894-8CB2-88E7-93A4-BCF08324DE46}.Debug|Any CPU.Build.0 = Debug|Any CPU
		{DC508894-8CB2-88E7-93A4-BCF08324DE46}.Release|Any CPU.ActiveCfg = Release|Any CPU
		{DC508894-8CB2-88E7-93A4-BCF08324DE46}.Release|Any CPU.Build.0 = Release|Any CPU
		{06141BE3-1F15-1143-498F-18B996A31D29}.Debug|Any CPU.ActiveCfg = Debug|Any CPU
		{06141BE3-1F15-1143-498F-18B996A31D29}.Debug|Any CPU.Build.0 = Debug|Any CPU
		{06141BE3-1F15-1143-498F-18B996A31D29}.Release|Any CPU.ActiveCfg = Release|Any CPU
		{06141BE3-1F15-1143-498F-18B996A31D29}.Release|Any CPU.Build.0 = Release|Any CPU
		{35876F24-07F0-E5EE-C3D7-DBD18CE0AF42}.Debug|Any CPU.ActiveCfg = Debug|Any CPU
		{35876F24-07F0-E5EE-C3D7-DBD18CE0AF42}.Debug|Any CPU.Build.0 = Debug|Any CPU
		{35876F24-07F0-E5EE-C3D7-DBD18CE0AF42}.Release|Any CPU.ActiveCfg = Release|Any CPU
		{35876F24-07F0-E5EE-C3D7-DBD18CE0AF42}.Release|Any CPU.Build.0 = Release|Any CPU
		{1C420850-E54A-F858-6EAF-23F9B07EB2F3}.Debug|Any CPU.ActiveCfg = Debug|Any CPU
		{1C420850-E54A-F858-6EAF-23F9B07EB2F3}.Debug|Any CPU.Build.0 = Debug|Any CPU
		{1C420850-E54A-F858-6EAF-23F9B07EB2F3}.Release|Any CPU.ActiveCfg = Release|Any CPU
		{1C420850-E54A-F858-6EAF-23F9B07EB2F3}.Release|Any CPU.Build.0 = Release|Any CPU
		{986870EB-20A8-6BD3-8F3E-59FA06D54E3D}.Debug|Any CPU.ActiveCfg = Debug|Any CPU
		{986870EB-20A8-6BD3-8F3E-59FA06D54E3D}.Debug|Any CPU.Build.0 = Debug|Any CPU
		{986870EB-20A8-6BD3-8F3E-59FA06D54E3D}.Release|Any CPU.ActiveCfg = Release|Any CPU
		{986870EB-20A8-6BD3-8F3E-59FA06D54E3D}.Release|Any CPU.Build.0 = Release|Any CPU
		{64385BA9-FD47-DB47-6FD6-7EF74AE0C5F2}.Debug|Any CPU.ActiveCfg = Debug|Any CPU
		{64385BA9-FD47-DB47-6FD6-7EF74AE0C5F2}.Debug|Any CPU.Build.0 = Debug|Any CPU
		{64385BA9-FD47-DB47-6FD6-7EF74AE0C5F2}.Release|Any CPU.ActiveCfg = Release|Any CPU
		{64385BA9-FD47-DB47-6FD6-7EF74AE0C5F2}.Release|Any CPU.Build.0 = Release|Any CPU
		{02551550-9899-FD18-862E-D4CC5C8F67AC}.Debug|Any CPU.ActiveCfg = Debug|Any CPU
		{02551550-9899-FD18-862E-D4CC5C8F67AC}.Debug|Any CPU.Build.0 = Debug|Any CPU
		{02551550-9899-FD18-862E-D4CC5C8F67AC}.Release|Any CPU.ActiveCfg = Release|Any CPU
		{02551550-9899-FD18-862E-D4CC5C8F67AC}.Release|Any CPU.Build.0 = Release|Any CPU
		{5A293685-D5F4-0837-205D-5D16B854EF6B}.Debug|Any CPU.ActiveCfg = Debug|Any CPU
		{5A293685-D5F4-0837-205D-5D16B854EF6B}.Debug|Any CPU.Build.0 = Debug|Any CPU
		{5A293685-D5F4-0837-205D-5D16B854EF6B}.Release|Any CPU.ActiveCfg = Release|Any CPU
		{5A293685-D5F4-0837-205D-5D16B854EF6B}.Release|Any CPU.Build.0 = Release|Any CPU
		{C5E927B2-5557-202F-08EA-B5DE24FA9E8D}.Debug|Any CPU.ActiveCfg = Debug|Any CPU
		{C5E927B2-5557-202F-08EA-B5DE24FA9E8D}.Debug|Any CPU.Build.0 = Debug|Any CPU
		{C5E927B2-5557-202F-08EA-B5DE24FA9E8D}.Release|Any CPU.ActiveCfg = Release|Any CPU
		{C5E927B2-5557-202F-08EA-B5DE24FA9E8D}.Release|Any CPU.Build.0 = Release|Any CPU
		{211B36AF-0637-B047-5EC9-887C9EDF5357}.Debug|Any CPU.ActiveCfg = Debug|Any CPU
		{211B36AF-0637-B047-5EC9-887C9EDF5357}.Debug|Any CPU.Build.0 = Debug|Any CPU
		{211B36AF-0637-B047-5EC9-887C9EDF5357}.Release|Any CPU.ActiveCfg = Release|Any CPU
		{211B36AF-0637-B047-5EC9-887C9EDF5357}.Release|Any CPU.Build.0 = Release|Any CPU
		{587AF5D9-FF40-3CF4-7696-680C6B184C20}.Debug|Any CPU.ActiveCfg = Debug|Any CPU
		{587AF5D9-FF40-3CF4-7696-680C6B184C20}.Debug|Any CPU.Build.0 = Debug|Any CPU
		{587AF5D9-FF40-3CF4-7696-680C6B184C20}.Release|Any CPU.ActiveCfg = Release|Any CPU
		{587AF5D9-FF40-3CF4-7696-680C6B184C20}.Release|Any CPU.Build.0 = Release|Any CPU
		{02F35D2A-EBA7-ADEE-C7DD-362E3E3EA44D}.Debug|Any CPU.ActiveCfg = Debug|Any CPU
		{02F35D2A-EBA7-ADEE-C7DD-362E3E3EA44D}.Debug|Any CPU.Build.0 = Debug|Any CPU
		{02F35D2A-EBA7-ADEE-C7DD-362E3E3EA44D}.Release|Any CPU.ActiveCfg = Release|Any CPU
		{02F35D2A-EBA7-ADEE-C7DD-362E3E3EA44D}.Release|Any CPU.Build.0 = Release|Any CPU
	EndGlobalSection
	GlobalSection(SolutionProperties) = preSolution
		HideSolutionNode = FALSE
	EndGlobalSection
EndGlobal
